// !$*UTF8*$!
{
	archiveVersion = 1;
	classes = {
	};
	objectVersion = 46;
	objects = {

/* Begin PBXBuildFile section */
		16D476211BC636B600697883 /* linkedlist.cpp in Sources */ = {isa = PBXBuildFile; fileRef = 16D476151BC636B600697883 /* linkedlist.cpp */; };
		16D476221BC636B600697883 /* main.cpp in Sources */ = {isa = PBXBuildFile; fileRef = 16D476171BC636B600697883 /* main.cpp */; };
		16D476231BC636B600697883 /* README.md in Sources */ = {isa = PBXBuildFile; fileRef = 16D476181BC636B600697883 /* README.md */; };
		16D476241BC636B600697883 /* User.cpp in Sources */ = {isa = PBXBuildFile; fileRef = 16D476191BC636B600697883 /* User.cpp */; };
		16D476251BC636B600697883 /* UserNetwork.cpp in Sources */ = {isa = PBXBuildFile; fileRef = 16D4761B1BC636B600697883 /* UserNetwork.cpp */; };
		16D476261BC636B600697883 /* Wall.cpp in Sources */ = {isa = PBXBuildFile; fileRef = 16D4761D1BC636B600697883 /* Wall.cpp */; };
		16D476271BC636B600697883 /* WallPost.cpp in Sources */ = {isa = PBXBuildFile; fileRef = 16D4761F1BC636B600697883 /* WallPost.cpp */; };
/* End PBXBuildFile section */

/* Begin PBXCopyFilesBuildPhase section */
		16D476091BC636A900697883 /* CopyFiles */ = {
			isa = PBXCopyFilesBuildPhase;
			buildActionMask = 2147483647;
			dstPath = /usr/share/man/man1/;
			dstSubfolderSpec = 0;
			files = (
			);
			runOnlyForDeploymentPostprocessing = 1;
		};
/* End PBXCopyFilesBuildPhase section */

/* Begin PBXFileReference section */
		16D4760B1BC636A900697883 /* cs130a */ = {isa = PBXFileReference; explicitFileType = "compiled.mach-o.executable"; includeInIndex = 0; path = cs130a; sourceTree = BUILT_PRODUCTS_DIR; };
		16D476151BC636B600697883 /* linkedlist.cpp */ = {isa = PBXFileReference; fileEncoding = 4; lastKnownFileType = sourcecode.cpp.cpp; name = linkedlist.cpp; path = ../../linkedlist.cpp; sourceTree = "<group>"; };
		16D476161BC636B600697883 /* linkedlist.h */ = {isa = PBXFileReference; fileEncoding = 4; lastKnownFileType = sourcecode.c.h; name = linkedlist.h; path = ../../linkedlist.h; sourceTree = "<group>"; };
		16D476171BC636B600697883 /* main.cpp */ = {isa = PBXFileReference; fileEncoding = 4; lastKnownFileType = sourcecode.cpp.cpp; name = main.cpp; path = ../../main.cpp; sourceTree = "<group>"; };
		16D476181BC636B600697883 /* README.md */ = {isa = PBXFileReference; fileEncoding = 4; lastKnownFileType = net.daringfireball.markdown; name = README.md; path = ../../README.md; sourceTree = "<group>"; };
		16D476191BC636B600697883 /* User.cpp */ = {isa = PBXFileReference; fileEncoding = 4; lastKnownFileType = sourcecode.cpp.cpp; name = User.cpp; path = ../../User.cpp; sourceTree = "<group>"; };
		16D4761A1BC636B600697883 /* User.h */ = {isa = PBXFileReference; fileEncoding = 4; lastKnownFileType = sourcecode.c.h; name = User.h; path = ../../User.h; sourceTree = "<group>"; };
		16D4761B1BC636B600697883 /* UserNetwork.cpp */ = {isa = PBXFileReference; fileEncoding = 4; lastKnownFileType = sourcecode.cpp.cpp; name = UserNetwork.cpp; path = ../../UserNetwork.cpp; sourceTree = "<group>"; };
		16D4761C1BC636B600697883 /* UserNetwork.h */ = {isa = PBXFileReference; fileEncoding = 4; lastKnownFileType = sourcecode.c.h; name = UserNetwork.h; path = ../../UserNetwork.h; sourceTree = "<group>"; };
		16D4761D1BC636B600697883 /* Wall.cpp */ = {isa = PBXFileReference; fileEncoding = 4; lastKnownFileType = sourcecode.cpp.cpp; name = Wall.cpp; path = ../../Wall.cpp; sourceTree = "<group>"; };
		16D4761E1BC636B600697883 /* Wall.h */ = {isa = PBXFileReference; fileEncoding = 4; lastKnownFileType = sourcecode.c.h; name = Wall.h; path = ../../Wall.h; sourceTree = "<group>"; };
		16D4761F1BC636B600697883 /* WallPost.cpp */ = {isa = PBXFileReference; fileEncoding = 4; lastKnownFileType = sourcecode.cpp.cpp; name = WallPost.cpp; path = ../../WallPost.cpp; sourceTree = "<group>"; };
		16D476201BC636B600697883 /* WallPost.h */ = {isa = PBXFileReference; fileEncoding = 4; lastKnownFileType = sourcecode.c.h; name = WallPost.h; path = ../../WallPost.h; sourceTree = "<group>"; };
/* End PBXFileReference section */

/* Begin PBXFrameworksBuildPhase section */
		16D476081BC636A900697883 /* Frameworks */ = {
			isa = PBXFrameworksBuildPhase;
			buildActionMask = 2147483647;
			files = (
			);
			runOnlyForDeploymentPostprocessing = 0;
		};
/* End PBXFrameworksBuildPhase section */

/* Begin PBXGroup section */
		16D476021BC636A900697883 = {
			isa = PBXGroup;
			children = (
				16D4760D1BC636A900697883 /* cs130a */,
				16D4760C1BC636A900697883 /* Products */,
			);
			sourceTree = "<group>";
		};
		16D4760C1BC636A900697883 /* Products */ = {
			isa = PBXGroup;
			children = (
				16D4760B1BC636A900697883 /* cs130a */,
			);
			name = Products;
			sourceTree = "<group>";
		};
		16D4760D1BC636A900697883 /* cs130a */ = {
			isa = PBXGroup;
			children = (
				16D476151BC636B600697883 /* linkedlist.cpp */,
				16D476161BC636B600697883 /* linkedlist.h */,
				16D476171BC636B600697883 /* main.cpp */,
				16D476181BC636B600697883 /* README.md */,
				16D476191BC636B600697883 /* User.cpp */,
				16D4761A1BC636B600697883 /* User.h */,
				16D4761B1BC636B600697883 /* UserNetwork.cpp */,
				16D4761C1BC636B600697883 /* UserNetwork.h */,
				16D4761D1BC636B600697883 /* Wall.cpp */,
				16D4761E1BC636B600697883 /* Wall.h */,
				16D4761F1BC636B600697883 /* WallPost.cpp */,
				16D476201BC636B600697883 /* WallPost.h */,
			);
			path = cs130a;
			sourceTree = "<group>";
		};
/* End PBXGroup section */

/* Begin PBXNativeTarget section */
		16D4760A1BC636A900697883 /* cs130a */ = {
			isa = PBXNativeTarget;
			buildConfigurationList = 16D476121BC636A900697883 /* Build configuration list for PBXNativeTarget "cs130a" */;
			buildPhases = (
				16D476071BC636A900697883 /* Sources */,
				16D476081BC636A900697883 /* Frameworks */,
				16D476091BC636A900697883 /* CopyFiles */,
			);
			buildRules = (
			);
			dependencies = (
			);
			name = cs130a;
			productName = cs130a;
			productReference = 16D4760B1BC636A900697883 /* cs130a */;
			productType = "com.apple.product-type.tool";
		};
/* End PBXNativeTarget section */

/* Begin PBXProject section */
		16D476031BC636A900697883 /* Project object */ = {
			isa = PBXProject;
			attributes = {
				LastUpgradeCheck = 0640;
				ORGANIZATIONNAME = test;
				TargetAttributes = {
					16D4760A1BC636A900697883 = {
						CreatedOnToolsVersion = 6.4;
					};
				};
			};
			buildConfigurationList = 16D476061BC636A900697883 /* Build configuration list for PBXProject "cs130a" */;
			compatibilityVersion = "Xcode 3.2";
			developmentRegion = English;
			hasScannedForEncodings = 0;
			knownRegions = (
				en,
			);
			mainGroup = 16D476021BC636A900697883;
			productRefGroup = 16D4760C1BC636A900697883 /* Products */;
			projectDirPath = "";
			projectRoot = "";
			targets = (
				16D4760A1BC636A900697883 /* cs130a */,
			);
		};
/* End PBXProject section */

/* Begin PBXSourcesBuildPhase section */
		16D476071BC636A900697883 /* Sources */ = {
			isa = PBXSourcesBuildPhase;
			buildActionMask = 2147483647;
			files = (
				16D476241BC636B600697883 /* User.cpp in Sources */,
				16D476251BC636B600697883 /* UserNetwork.cpp in Sources */,
				16D476231BC636B600697883 /* README.md in Sources */,
				16D476271BC636B600697883 /* WallPost.cpp in Sources */,
				16D476261BC636B600697883 /* Wall.cpp in Sources */,
				16D476221BC636B600697883 /* main.cpp in Sources */,
				16D476211BC636B600697883 /* linkedlist.cpp in Sources */,
			);
			runOnlyForDeploymentPostprocessing = 0;
		};
/* End PBXSourcesBuildPhase section */

/* Begin XCBuildConfiguration section */
		16D476101BC636A900697883 /* Debug */ = {
			isa = XCBuildConfiguration;
			buildSettings = {
				ALWAYS_SEARCH_USER_PATHS = NO;
				CLANG_CXX_LANGUAGE_STANDARD = "gnu++0x";
				CLANG_CXX_LIBRARY = "libc++";
				CLANG_ENABLE_MODULES = YES;
				CLANG_ENABLE_OBJC_ARC = YES;
				CLANG_WARN_BOOL_CONVERSION = YES;
				CLANG_WARN_CONSTANT_CONVERSION = YES;
				CLANG_WARN_DIRECT_OBJC_ISA_USAGE = YES_ERROR;
				CLANG_WARN_EMPTY_BODY = YES;
				CLANG_WARN_ENUM_CONVERSION = YES;
				CLANG_WARN_INT_CONVERSION = YES;
				CLANG_WARN_OBJC_ROOT_CLASS = YES_ERROR;
				CLANG_WARN_UNREACHABLE_CODE = YES;
				CLANG_WARN__DUPLICATE_METHOD_MATCH = YES;
				COPY_PHASE_STRIP = NO;
				DEBUG_INFORMATION_FORMAT = dwarf;
				ENABLE_STRICT_OBJC_MSGSEND = YES;
				GCC_C_LANGUAGE_STANDARD = gnu99;
				GCC_DYNAMIC_NO_PIC = NO;
				GCC_NO_COMMON_BLOCKS = YES;
				GCC_OPTIMIZATION_LEVEL = 0;
				GCC_PREPROCESSOR_DEFINITIONS = (
					"DEBUG=1",
					"$(inherited)",
				);
				GCC_SYMBOLS_PRIVATE_EXTERN = NO;
				GCC_WARN_64_TO_32_BIT_CONVERSION = YES;
				GCC_WARN_ABOUT_RETURN_TYPE = YES_ERROR;
				GCC_WARN_UNDECLARED_SELECTOR = YES;
				GCC_WARN_UNINITIALIZED_AUTOS = YES_AGGRESSIVE;
				GCC_WARN_UNUSED_FUNCTION = YES;
				GCC_WARN_UNUSED_VARIABLE = YES;
				MACOSX_DEPLOYMENT_TARGET = 10.10;
				MTL_ENABLE_DEBUG_INFO = YES;
				ONLY_ACTIVE_ARCH = YES;
				SDKROOT = macosx;
			};
			name = Debug;
		};
		16D476111BC636A900697883 /* Release */ = {
			isa = XCBuildConfiguration;
			buildSettings = {
				ALWAYS_SEARCH_USER_PATHS = NO;
				CLANG_CXX_LANGUAGE_STANDARD = "gnu++0x";
				CLANG_CXX_LIBRARY = "libc++";
				CLANG_ENABLE_MODULES = YES;
				CLANG_ENABLE_OBJC_ARC = YES;
				CLANG_WARN_BOOL_CONVERSION = YES;
				CLANG_WARN_CONSTANT_CONVERSION = YES;
				CLANG_WARN_DIRECT_OBJC_ISA_USAGE = YES_ERROR;
				CLANG_WARN_EMPTY_BODY = YES;
				CLANG_WARN_ENUM_CONVERSION = YES;
				CLANG_WARN_INT_CONVERSION = YES;
				CLANG_WARN_OBJC_ROOT_CLASS = YES_ERROR;
				CLANG_WARN_UNREACHABLE_CODE = YES;
				CLANG_WARN__DUPLICATE_METHOD_MATCH = YES;
				COPY_PHASE_STRIP = NO;
				DEBUG_INFORMATION_FORMAT = "dwarf-with-dsym";
				ENABLE_NS_ASSERTIONS = NO;
				ENABLE_STRICT_OBJC_MSGSEND = YES;
				GCC_C_LANGUAGE_STANDARD = gnu99;
				GCC_NO_COMMON_BLOCKS = YES;
				GCC_WARN_64_TO_32_BIT_CONVERSION = YES;
				GCC_WARN_ABOUT_RETURN_TYPE = YES_ERROR;
				GCC_WARN_UNDECLARED_SELECTOR = YES;
				GCC_WARN_UNINITIALIZED_AUTOS = YES_AGGRESSIVE;
				GCC_WARN_UNUSED_FUNCTION = YES;
				GCC_WARN_UNUSED_VARIABLE = YES;
				MACOSX_DEPLOYMENT_TARGET = 10.10;
				MTL_ENABLE_DEBUG_INFO = NO;
				SDKROOT = macosx;
			};
			name = Release;
		};
		16D476131BC636A900697883 /* Debug */ = {
			isa = XCBuildConfiguration;
			buildSettings = {
				PRODUCT_NAME = "$(TARGET_NAME)";
			};
			name = Debug;
		};
		16D476141BC636A900697883 /* Release */ = {
			isa = XCBuildConfiguration;
			buildSettings = {
				PRODUCT_NAME = "$(TARGET_NAME)";
			};
			name = Release;
		};
/* End XCBuildConfiguration section */

/* Begin XCConfigurationList section */
		16D476061BC636A900697883 /* Build configuration list for PBXProject "cs130a" */ = {
			isa = XCConfigurationList;
			buildConfigurations = (
				16D476101BC636A900697883 /* Debug */,
				16D476111BC636A900697883 /* Release */,
			);
			defaultConfigurationIsVisible = 0;
			defaultConfigurationName = Release;
		};
		16D476121BC636A900697883 /* Build configuration list for PBXNativeTarget "cs130a" */ = {
			isa = XCConfigurationList;
			buildConfigurations = (
				16D476131BC636A900697883 /* Debug */,
				16D476141BC636A900697883 /* Release */,
			);
			defaultConfigurationIsVisible = 0;
		};
/* End XCConfigurationList section */
	};
	rootObject = 16D476031BC636A900697883 /* Project object */;
}
